
Microsoft Visual Studio Solution File, Format Version 12.00
# Visual Studio Version 16
VisualStudioVersion = 16.0.29102.190
MinimumVisualStudioVersion = 10.0.40219.1
Project("{FAE04EC0-301F-11D3-BF4B-00C04F79EFBC}") = "BenutzerEingabe", "BenutzerEingabe\BenutzerEingabe.csproj", "{6D358EA1-6D24-4FBA-BB66-8ACBC53C7050}"
EndProject
Global
	GlobalSection(SolutionConfigurationPlatforms) = preSolution
		Debug|Any CPU = Debug|Any CPU
		Release|Any CPU = Release|Any CPU
	EndGlobalSection
	GlobalSection(ProjectConfigurationPlatforms) = postSolution
		{6D358EA1-6D24-4FBA-BB66-8ACBC53C7050}.Debug|Any CPU.ActiveCfg = Debug|Any CPU
		{6D358EA1-6D24-4FBA-BB66-8ACBC53C7050}.Debug|Any CPU.Build.0 = Debug|Any CPU
		{6D358EA1-6D24-4FBA-BB66-8ACBC53C7050}.Release|Any CPU.ActiveCfg = Release|Any CPU
		{6D358EA1-6D24-4FBA-BB66-8ACBC53C7050}.Release|Any CPU.Build.0 = Release|Any CPU
	EndGlobalSection
	GlobalSection(SolutionProperties) = preSolution
		HideSolutionNode = FALSE
	EndGlobalSection
	GlobalSection(ExtensibilityGlobals) = postSolution
		SolutionGuid = {4716A8C4-49C7-473B-9FF7-5D7DAA76EFB0}
	EndGlobalSection
EndGlobal
