
Microsoft Visual Studio Solution File, Format Version 12.00
# Visual Studio Version 16
VisualStudioVersion = 16.0.29102.190
MinimumVisualStudioVersion = 10.0.40219.1
Project("{FAE04EC0-301F-11D3-BF4B-00C04F79EFBC}") = "ErweiterteIfStatements", "ErweiterteIfStatements\ErweiterteIfStatements.csproj", "{464A4767-C55C-45F2-91C0-D26C1FFCAD93}"
EndProject
Global
	GlobalSection(SolutionConfigurationPlatforms) = preSolution
		Debug|Any CPU = Debug|Any CPU
		Release|Any CPU = Release|Any CPU
	EndGlobalSection
	GlobalSection(ProjectConfigurationPlatforms) = postSolution
		{464A4767-C55C-45F2-91C0-D26C1FFCAD93}.Debug|Any CPU.ActiveCfg = Debug|Any CPU
		{464A4767-C55C-45F2-91C0-D26C1FFCAD93}.Debug|Any CPU.Build.0 = Debug|Any CPU
		{464A4767-C55C-45F2-91C0-D26C1FFCAD93}.Release|Any CPU.ActiveCfg = Release|Any CPU
		{464A4767-C55C-45F2-91C0-D26C1FFCAD93}.Release|Any CPU.Build.0 = Release|Any CPU
	EndGlobalSection
	GlobalSection(SolutionProperties) = preSolution
		HideSolutionNode = FALSE
	EndGlobalSection
	GlobalSection(ExtensibilityGlobals) = postSolution
		SolutionGuid = {714E85FE-6974-4731-AD85-8B153561EE2D}
	EndGlobalSection
EndGlobal
