
Microsoft Visual Studio Solution File, Format Version 12.00
# Visual Studio Version 16
VisualStudioVersion = 16.0.29102.190
MinimumVisualStudioVersion = 10.0.40219.1
Project("{FAE04EC0-301F-11D3-BF4B-00C04F79EFBC}") = "IfStatementsHErausforderung", "IfStatementsHErausforderung\IfStatementsHErausforderung.csproj", "{0264395C-7712-4974-ADA3-76324D5184CD}"
EndProject
Global
	GlobalSection(SolutionConfigurationPlatforms) = preSolution
		Debug|Any CPU = Debug|Any CPU
		Release|Any CPU = Release|Any CPU
	EndGlobalSection
	GlobalSection(ProjectConfigurationPlatforms) = postSolution
		{0264395C-7712-4974-ADA3-76324D5184CD}.Debug|Any CPU.ActiveCfg = Debug|Any CPU
		{0264395C-7712-4974-ADA3-76324D5184CD}.Debug|Any CPU.Build.0 = Debug|Any CPU
		{0264395C-7712-4974-ADA3-76324D5184CD}.Release|Any CPU.ActiveCfg = Release|Any CPU
		{0264395C-7712-4974-ADA3-76324D5184CD}.Release|Any CPU.Build.0 = Release|Any CPU
	EndGlobalSection
	GlobalSection(SolutionProperties) = preSolution
		HideSolutionNode = FALSE
	EndGlobalSection
	GlobalSection(ExtensibilityGlobals) = postSolution
		SolutionGuid = {93035600-82DB-4D7E-9579-73E521874359}
	EndGlobalSection
EndGlobal
