
Microsoft Visual Studio Solution File, Format Version 12.00
# Visual Studio Version 16
VisualStudioVersion = 16.0.29102.190
MinimumVisualStudioVersion = 10.0.40219.1
Project("{FAE04EC0-301F-11D3-BF4B-00C04F79EFBC}") = "MethodenMitRueckgabe", "MethodenMitRueckgabe\MethodenMitRueckgabe.csproj", "{C3D8F1CD-8D5D-46D2-8D86-3B224338FCDE}"
EndProject
Global
	GlobalSection(SolutionConfigurationPlatforms) = preSolution
		Debug|Any CPU = Debug|Any CPU
		Release|Any CPU = Release|Any CPU
	EndGlobalSection
	GlobalSection(ProjectConfigurationPlatforms) = postSolution
		{C3D8F1CD-8D5D-46D2-8D86-3B224338FCDE}.Debug|Any CPU.ActiveCfg = Debug|Any CPU
		{C3D8F1CD-8D5D-46D2-8D86-3B224338FCDE}.Debug|Any CPU.Build.0 = Debug|Any CPU
		{C3D8F1CD-8D5D-46D2-8D86-3B224338FCDE}.Release|Any CPU.ActiveCfg = Release|Any CPU
		{C3D8F1CD-8D5D-46D2-8D86-3B224338FCDE}.Release|Any CPU.Build.0 = Release|Any CPU
	EndGlobalSection
	GlobalSection(SolutionProperties) = preSolution
		HideSolutionNode = FALSE
	EndGlobalSection
	GlobalSection(ExtensibilityGlobals) = postSolution
		SolutionGuid = {E51192AA-6654-40DC-B8B3-C3CC236E2CD8}
	EndGlobalSection
EndGlobal
