
Microsoft Visual Studio Solution File, Format Version 12.00
# Visual Studio Version 16
VisualStudioVersion = 16.0.29102.190
MinimumVisualStudioVersion = 10.0.40219.1
Project("{FAE04EC0-301F-11D3-BF4B-00C04F79EFBC}") = "VerschachtelteIfBedingungen", "VerschachtelteIfBedingungen\VerschachtelteIfBedingungen.csproj", "{94C69DAB-534A-4F6A-816A-12957B9EE012}"
EndProject
Global
	GlobalSection(SolutionConfigurationPlatforms) = preSolution
		Debug|Any CPU = Debug|Any CPU
		Release|Any CPU = Release|Any CPU
	EndGlobalSection
	GlobalSection(ProjectConfigurationPlatforms) = postSolution
		{94C69DAB-534A-4F6A-816A-12957B9EE012}.Debug|Any CPU.ActiveCfg = Debug|Any CPU
		{94C69DAB-534A-4F6A-816A-12957B9EE012}.Debug|Any CPU.Build.0 = Debug|Any CPU
		{94C69DAB-534A-4F6A-816A-12957B9EE012}.Release|Any CPU.ActiveCfg = Release|Any CPU
		{94C69DAB-534A-4F6A-816A-12957B9EE012}.Release|Any CPU.Build.0 = Release|Any CPU
	EndGlobalSection
	GlobalSection(SolutionProperties) = preSolution
		HideSolutionNode = FALSE
	EndGlobalSection
	GlobalSection(ExtensibilityGlobals) = postSolution
		SolutionGuid = {D7F0E0EA-87D6-4898-BB8A-0AFE5FD61CB6}
	EndGlobalSection
EndGlobal
